
Microsoft Visual Studio Solution File, Format Version 12.00
# Visual Studio 2012
Project("{FAE04EC0-301F-11D3-BF4B-00C04F79EFBC}") = "AlgorithmFun", "AlgorithmFun\AlgorithmFun.csproj", "{C715D436-73BF-4E16-B465-08106F605DA3}"
EndProject
Global	
	GlobalSection(SolutionConfigurationPlatforms) = preSolution
		Debug|Any CPU = Debug|Any CPU
		Debug|x86 = Debug|x86
		Release|Any CPU = Release|Any CPU
		Release|x86 = Release|x86
	EndGlobalSection
	GlobalSection(ProjectConfigurationPlatforms) = postSolution
		{C715D436-73BF-4E16-B465-08106F605DA3}.Debug|Any CPU.ActiveCfg = Debug|Any CPU
		{C715D436-73BF-4E16-B465-08106F605DA3}.Debug|Any CPU.Build.0 = Debug|Any CPU
		{C715D436-73BF-4E16-B465-08106F605DA3}.Debug|x86.ActiveCfg = Debug|x86
		{C715D436-73BF-4E16-B465-08106F605DA3}.Debug|x86.Build.0 = Debug|x86
		{C715D436-73BF-4E16-B465-08106F605DA3}.Release|Any CPU.ActiveCfg = Release|Any CPU
		{C715D436-73BF-4E16-B465-08106F605DA3}.Release|Any CPU.Build.0 = Release|Any CPU
		{C715D436-73BF-4E16-B465-08106F605DA3}.Release|x86.ActiveCfg = Release|Any CPU
		{C715D436-73BF-4E16-B465-08106F605DA3}.Release|x86.Build.0 = Release|Any CPU
	EndGlobalSection
	GlobalSection(SolutionProperties) = preSolution
		HideSolutionNode = FALSE
	EndGlobalSection
EndGlobal
